
Microsoft Visual Studio Solution File, Format Version 12.00
# Visual Studio Version 16
VisualStudioVersion = 16.0.30225.117
MinimumVisualStudioVersion = 10.0.40219.1
Project("{FAE04EC0-301F-11D3-BF4B-00C04F79EFBC}") = "FinalTaskSpecFlow", "FinalTaskSpecFlow\FinalTaskSpecFlow.csproj", "{66BDA9D1-40CF-44F6-8C46-E98F1915E4F9}"
EndProject
Global
	GlobalSection(SolutionConfigurationPlatforms) = preSolution
		Debug|Any CPU = Debug|Any CPU
		Release|Any CPU = Release|Any CPU
	EndGlobalSection
	GlobalSection(ProjectConfigurationPlatforms) = postSolution
		{66BDA9D1-40CF-44F6-8C46-E98F1915E4F9}.Debug|Any CPU.ActiveCfg = Debug|Any CPU
		{66BDA9D1-40CF-44F6-8C46-E98F1915E4F9}.Debug|Any CPU.Build.0 = Debug|Any CPU
		{66BDA9D1-40CF-44F6-8C46-E98F1915E4F9}.Release|Any CPU.ActiveCfg = Release|Any CPU
		{66BDA9D1-40CF-44F6-8C46-E98F1915E4F9}.Release|Any CPU.Build.0 = Release|Any CPU
	EndGlobalSection
	GlobalSection(SolutionProperties) = preSolution
		HideSolutionNode = FALSE
	EndGlobalSection
	GlobalSection(ExtensibilityGlobals) = postSolution
		SolutionGuid = {AF028A6E-D294-47F4-A7CF-57C8B19E1A7B}
	EndGlobalSection
EndGlobal
